
Microsoft Visual Studio Solution File, Format Version 12.00
# Visual Studio Version 17
VisualStudioVersion = 17.14.36616.10 d17.14
MinimumVisualStudioVersion = 10.0.40219.1
Project("{FAE04EC0-301F-11D3-BF4B-00C04F79EFBC}") = "InvoiceCoreAPI", "InvoiceCoreAPI\InvoiceCoreAPI.csproj", "{A8E6B3BA-6904-400E-8084-AC6F9CB8AAC0}"
EndProject
Global
	GlobalSection(SolutionConfigurationPlatforms) = preSolution
		Debug|Any CPU = Debug|Any CPU
		Release|Any CPU = Release|Any CPU
	EndGlobalSection
	GlobalSection(ProjectConfigurationPlatforms) = postSolution
		{A8E6B3BA-6904-400E-8084-AC6F9CB8AAC0}.Debug|Any CPU.ActiveCfg = Debug|Any CPU
		{A8E6B3BA-6904-400E-8084-AC6F9CB8AAC0}.Debug|Any CPU.Build.0 = Debug|Any CPU
		{A8E6B3BA-6904-400E-8084-AC6F9CB8AAC0}.Release|Any CPU.ActiveCfg = Release|Any CPU
		{A8E6B3BA-6904-400E-8084-AC6F9CB8AAC0}.Release|Any CPU.Build.0 = Release|Any CPU
	EndGlobalSection
	GlobalSection(SolutionProperties) = preSolution
		HideSolutionNode = FALSE
	EndGlobalSection
	GlobalSection(ExtensibilityGlobals) = postSolution
		SolutionGuid = {9C871D54-1125-423B-B521-E69F268DC4D4}
	EndGlobalSection
EndGlobal
